PODS:
  - Capacitor (6.1.2):
    - CapacitorCordova
  - CapacitorCordova (6.1.2)
  - Firebase/CoreOnly (11.1.0):
    - FirebaseCore (= 11.1.0)
  - Firebase/DynamicLinks (11.1.0):
    - Firebase/CoreOnly
    - FirebaseDynamicLinks (~> 11.1.0)
  - FirebaseCore (11.1.0):
    - FirebaseCoreInternal (~> 11.0)
    - GoogleUtilities/Environment (~> 8.0)
    - GoogleUtilities/Logger (~> 8.0)
  - FirebaseCoreInternal (11.1.0):
    - "GoogleUtilities/NSData+zlib (~> 8.0)"
  - FirebaseDynamicLinks (11.1.0):
    - FirebaseCore (~> 11.0)
  - GoogleUtilities/Environment (8.0.2):
    - GoogleUtilities/Privacy
  - GoogleUtilities/Logger (8.0.2):
    - GoogleUtilities/Environment
    - GoogleUtilities/Privacy
  - "GoogleUtilities/NSData+zlib (8.0.2)":
    - GoogleUtilities/Privacy
  - GoogleUtilities/Privacy (8.0.2)

DEPENDENCIES:
  - "Capacitor (from `../node_modules/@capacitor/ios`)"
  - "CapacitorCordova (from `../node_modules/@capacitor/ios`)"
  - Firebase/DynamicLinks

SPEC REPOS:
  trunk:
    - Firebase
    - FirebaseCore
    - FirebaseCoreInternal
    - FirebaseDynamicLinks
    - GoogleUtilities

EXTERNAL SOURCES:
  Capacitor:
    :path: "../node_modules/@capacitor/ios"
  CapacitorCordova:
    :path: "../node_modules/@capacitor/ios"

SPEC CHECKSUMS:
  Capacitor: 679f9673fdf30597493a6362a5d5bf233d46abc2
  CapacitorCordova: f48c89f96c319101cd2f0ce8a2b7449b5fb8b3dd
  Firebase: fdb3bd378401f26a7adfcf446b0a630f8c20c0e8
  FirebaseCore: 6e2a2782e234b14d48e880ed369ac55cda87fed7
  FirebaseCoreInternal: adefedc9a88dbe393c4884640a73ec9e8e790f8c
  FirebaseDynamicLinks: 723659ea243225b831aeaf5959e0fe46cefed6ab
  GoogleUtilities: 26a3abef001b6533cf678d3eb38fd3f614b7872d

PODFILE CHECKSUM: b012b1592a05562eb5161278bd4d8e347cc95b91

COCOAPODS: 1.15.2
